# This is a Gradle generated file for dependency locking.
# Manual edits can break the build and are not advised.
# This file is expected to be part of source control.
ch.qos.reload4j:reload4j:1.2.25=runtimeClasspath
com.fasterxml.jackson.core:jackson-annotations:2.16.2=compileClasspath,debeziumConnectors,runtimeClasspath
com.fasterxml.jackson.core:jackson-core:2.16.2=compileClasspath,debeziumConnectors,runtimeClasspath
com.fasterxml.jackson.core:jackson-databind:2.16.2=compileClasspath,debeziumConnectors,runtimeClasspath
com.fasterxml.jackson.datatype:jackson-datatype-jdk8:2.16.2=compileClasspath,runtimeClasspath
com.fasterxml.jackson.datatype:jackson-datatype-jsr310:2.16.2=compileClasspath,debeziumConnectors,runtimeClasspath
com.fasterxml.jackson.jaxrs:jackson-jaxrs-base:2.16.2=runtimeClasspath
com.fasterxml.jackson.jaxrs:jackson-jaxrs-json-provider:2.16.2=runtimeClasspath
com.fasterxml.jackson.module:jackson-module-afterburner:2.16.2=compileClasspath,runtimeClasspath
com.fasterxml.jackson.module:jackson-module-jaxb-annotations:2.16.2=runtimeClasspath
com.fasterxml.jackson:jackson-bom:2.16.2=compileClasspath,debeziumConnectors,runtimeClasspath
com.github.luben:zstd-jni:1.5.0-2=compileClasspath,debeziumConnectors
com.github.luben:zstd-jni:1.5.6-4=runtimeClasspath
com.google.android:annotations:4.1.1.4=debeziumConnectors,runtimeClasspath
com.google.api.grpc:proto-google-common-protos:2.17.0=compileClasspath,debeziumConnectors,runtimeClasspath
com.google.auth:google-auth-library-credentials:1.4.0=compileClasspath,runtimeClasspath
com.google.code.findbugs:jsr305:3.0.2=compileClasspath,runtimeClasspath
com.google.code.gson:gson:2.10.1=debeziumConnectors,runtimeClasspath
com.google.errorprone:error_prone_annotations:2.18.0=compileClasspath
com.google.errorprone:error_prone_annotations:2.28.0=runtimeClasspath
com.google.guava:failureaccess:1.0.2=compileClasspath,debeziumConnectors,runtimeClasspath
com.google.guava:guava:33.3.1-jre=compileClasspath,debeziumConnectors,runtimeClasspath
com.google.guava:listenablefuture:9999.0-empty-to-avoid-conflict-with-guava=compileClasspath,debeziumConnectors,runtimeClasspath
com.google.j2objc:j2objc-annotations:3.0.0=runtimeClasspath
com.google.protobuf:protobuf-java:3.25.5=compileClasspath,debeziumConnectors,runtimeClasspath
com.mysql:mysql-connector-j:9.1.0=compileClasspath,debeziumConnectors
io.debezium:debezium-api:3.2.1.Final=compileClasspath,debeziumConnectors,runtimeClasspath
io.debezium:debezium-common:3.2.1.Final=compileClasspath,debeziumConnectors,runtimeClasspath
io.debezium:debezium-connector-binlog:3.2.1.Final=compileClasspath,debeziumConnectors
io.debezium:debezium-connector-mysql:3.2.1.Final=compileClasspath,debeziumConnectors
io.debezium:debezium-connector-vitess:3.2.1.Final=compileClasspath,debeziumConnectors
io.debezium:debezium-core:3.2.1.Final=compileClasspath,debeziumConnectors,runtimeClasspath
io.debezium:debezium-ddl-parser:3.2.1.Final=compileClasspath,debeziumConnectors
io.debezium:debezium-embedded:3.2.1.Final=compileClasspath,runtimeClasspath
io.debezium:debezium-openlineage-api:3.2.1.Final=compileClasspath,debeziumConnectors,runtimeClasspath
io.debezium:debezium-storage-file:3.2.1.Final=compileClasspath,debeziumConnectors
io.debezium:debezium-storage-kafka:3.2.1.Final=compileClasspath,debeziumConnectors
io.debezium:mysql-binlog-connector-java:0.40.2=compileClasspath,debeziumConnectors
io.grpc:grpc-api:1.56.1=compileClasspath,debeziumConnectors,runtimeClasspath
io.grpc:grpc-auth:1.56.1=compileClasspath,runtimeClasspath
io.grpc:grpc-context:1.56.1=compileClasspath,debeziumConnectors,runtimeClasspath
io.grpc:grpc-core:1.56.1=compileClasspath,debeziumConnectors,runtimeClasspath
io.grpc:grpc-netty-shaded:1.56.1=compileClasspath,runtimeClasspath
io.grpc:grpc-netty:1.56.1=compileClasspath,debeziumConnectors,runtimeClasspath
io.grpc:grpc-protobuf-lite:1.56.1=compileClasspath,debeziumConnectors,runtimeClasspath
io.grpc:grpc-protobuf:1.56.1=compileClasspath,debeziumConnectors,runtimeClasspath
io.grpc:grpc-stub:1.56.1=compileClasspath,debeziumConnectors,runtimeClasspath
io.netty:netty-buffer:4.1.87.Final=compileClasspath,debeziumConnectors,runtimeClasspath
io.netty:netty-codec-http2:4.1.87.Final=compileClasspath,debeziumConnectors,runtimeClasspath
io.netty:netty-codec-http:4.1.87.Final=compileClasspath,debeziumConnectors,runtimeClasspath
io.netty:netty-codec-socks:4.1.87.Final=debeziumConnectors,runtimeClasspath
io.netty:netty-codec:4.1.87.Final=compileClasspath,debeziumConnectors,runtimeClasspath
io.netty:netty-common:4.1.87.Final=compileClasspath,debeziumConnectors,runtimeClasspath
io.netty:netty-handler-proxy:4.1.87.Final=debeziumConnectors,runtimeClasspath
io.netty:netty-handler:4.1.87.Final=compileClasspath,debeziumConnectors,runtimeClasspath
io.netty:netty-resolver:4.1.87.Final=compileClasspath,debeziumConnectors,runtimeClasspath
io.netty:netty-tcnative-boringssl-static:2.0.61.Final=compileClasspath,debeziumConnectors,runtimeClasspath
io.netty:netty-tcnative-classes:2.0.61.Final=compileClasspath,debeziumConnectors,runtimeClasspath
io.netty:netty-transport-native-unix-common:4.1.87.Final=compileClasspath,debeziumConnectors,runtimeClasspath
io.netty:netty-transport:4.1.87.Final=compileClasspath,debeziumConnectors,runtimeClasspath
io.perfmark:perfmark-api:0.26.0=debeziumConnectors,runtimeClasspath
io.swagger.core.v3:swagger-annotations:2.2.8=runtimeClasspath
io.vitess:vitess-client:21.0.2=debeziumConnectors
io.vitess:vitess-client:22.0.1=compileClasspath,runtimeClasspath
io.vitess:vitess-grpc-client:21.0.2=debeziumConnectors
io.vitess:vitess-grpc-client:22.0.1=compileClasspath,runtimeClasspath
jakarta.activation:jakarta.activation-api:1.2.2=runtimeClasspath
jakarta.annotation:jakarta.annotation-api:1.3.5=runtimeClasspath
jakarta.validation:jakarta.validation-api:2.0.2=runtimeClasspath
jakarta.ws.rs:jakarta.ws.rs-api:2.1.6=runtimeClasspath
jakarta.xml.bind:jakarta.xml.bind-api:2.3.3=runtimeClasspath
javax.activation:activation:1.1.1=runtimeClasspath
javax.activation:javax.activation-api:1.2.0=runtimeClasspath
javax.annotation:javax.annotation-api:1.3.2=compileClasspath,debeziumConnectors,runtimeClasspath
javax.servlet:javax.servlet-api:3.1.0=runtimeClasspath
javax.ws.rs:javax.ws.rs-api:2.1.1=runtimeClasspath
javax.xml.bind:jaxb-api:2.3.1=runtimeClasspath
joda-time:joda-time:2.13.0=compileClasspath,debeziumConnectors,runtimeClasspath
org.antlr:antlr4-runtime:4.10.1=compileClasspath,debeziumConnectors
org.apache.commons:commons-collections4:4.2=compileClasspath,debeziumConnectors,runtimeClasspath
org.apache.commons:commons-lang3:3.12.0=runtimeClasspath
org.apache.kafka:connect-api:3.9.1=compileClasspath,runtimeClasspath
org.apache.kafka:connect-file:3.9.1=compileClasspath,runtimeClasspath
org.apache.kafka:connect-json:3.9.1=compileClasspath,runtimeClasspath
org.apache.kafka:connect-runtime:3.9.1=compileClasspath,runtimeClasspath
org.apache.kafka:connect-transforms:3.9.1=compileClasspath,runtimeClasspath
org.apache.kafka:kafka-clients:3.9.1=compileClasspath,runtimeClasspath
org.apache.maven:maven-artifact:3.9.6=runtimeClasspath
org.bitbucket.b_c:jose4j:0.9.4=runtimeClasspath
org.checkerframework:checker-qual:3.43.0=compileClasspath,debeziumConnectors,runtimeClasspath
org.codehaus.mojo:animal-sniffer-annotations:1.23=runtimeClasspath
org.codehaus.plexus:plexus-utils:3.5.1=runtimeClasspath
org.eclipse.jetty:jetty-client:9.4.57.v20241219=runtimeClasspath
org.eclipse.jetty:jetty-continuation:9.4.57.v20241219=runtimeClasspath
org.eclipse.jetty:jetty-http:9.4.57.v20241219=runtimeClasspath
org.eclipse.jetty:jetty-io:9.4.57.v20241219=runtimeClasspath
org.eclipse.jetty:jetty-security:9.4.57.v20241219=runtimeClasspath
org.eclipse.jetty:jetty-server:9.4.57.v20241219=runtimeClasspath
org.eclipse.jetty:jetty-servlet:9.4.57.v20241219=runtimeClasspath
org.eclipse.jetty:jetty-servlets:9.4.57.v20241219=runtimeClasspath
org.eclipse.jetty:jetty-util-ajax:9.4.57.v20241219=runtimeClasspath
org.eclipse.jetty:jetty-util:9.4.57.v20241219=runtimeClasspath
org.glassfish.hk2.external:aopalliance-repackaged:2.6.1=runtimeClasspath
org.glassfish.hk2.external:jakarta.inject:2.6.1=runtimeClasspath
org.glassfish.hk2:hk2-api:2.6.1=runtimeClasspath
org.glassfish.hk2:hk2-locator:2.6.1=runtimeClasspath
org.glassfish.hk2:hk2-utils:2.6.1=runtimeClasspath
org.glassfish.hk2:osgi-resource-locator:1.0.3=runtimeClasspath
org.glassfish.jersey.containers:jersey-container-servlet-core:2.39.1=runtimeClasspath
org.glassfish.jersey.containers:jersey-container-servlet:2.39.1=runtimeClasspath
org.glassfish.jersey.core:jersey-client:2.39.1=runtimeClasspath
org.glassfish.jersey.core:jersey-common:2.39.1=runtimeClasspath
org.glassfish.jersey.core:jersey-server:2.39.1=runtimeClasspath
org.glassfish.jersey.inject:jersey-hk2:2.39.1=runtimeClasspath
org.javassist:javassist:3.29.0-GA=runtimeClasspath
org.jetbrains.kotlin:kotlin-stdlib:2.2.0=compileClasspath,runtimeClasspath
org.jetbrains.kotlinx:atomicfu-jvm:0.29.0=compileClasspath,runtimeClasspath
org.jetbrains.kotlinx:kotlinx-coroutines-bom:1.10.2=compileClasspath,runtimeClasspath
org.jetbrains.kotlinx:kotlinx-coroutines-core-jvm:1.10.2=compileClasspath,runtimeClasspath
org.jetbrains.kotlinx:kotlinx-coroutines-core:1.10.2=compileClasspath,runtimeClasspath
org.jetbrains.kotlinx:kotlinx-coroutines-jdk8:1.10.2=compileClasspath,runtimeClasspath
org.jetbrains.kotlinx:kotlinx-datetime-jvm:0.7.1=compileClasspath,runtimeClasspath
org.jetbrains.kotlinx:kotlinx-datetime:0.7.1=compileClasspath,runtimeClasspath
org.jetbrains.kotlinx:kotlinx-io-bytestring-jvm:0.8.0=compileClasspath,runtimeClasspath
org.jetbrains.kotlinx:kotlinx-io-bytestring:0.8.0=compileClasspath,runtimeClasspath
org.jetbrains.kotlinx:kotlinx-io-core-jvm:0.8.0=compileClasspath,runtimeClasspath
org.jetbrains.kotlinx:kotlinx-io-core:0.8.0=compileClasspath,runtimeClasspath
org.jetbrains:annotations:23.0.0=compileClasspath,runtimeClasspath
org.lz4:lz4-java:1.8.0=runtimeClasspath
org.reflections:reflections:0.10.2=runtimeClasspath
org.slf4j:slf4j-api:1.7.36=compileClasspath,debeziumConnectors,runtimeClasspath
org.xerial.snappy:snappy-java:1.1.10.5=runtimeClasspath
empty=planetscaleAdapter
