# This is a Gradle generated file for dependency locking.
# Manual edits can break the build and are not advised.
# This file is expected to be part of source control.
at.yawk.lz4:lz4-java:1.10.2=debeziumConnectors,runtimeClasspath
com.datadoghq:sketches-java:0.8.2=compileClasspath,debeziumConnectors,runtimeClasspath
com.fasterxml.jackson.core:jackson-annotations:2.21=compileClasspath,debeziumConnectors,runtimeClasspath
com.fasterxml.jackson.core:jackson-core:2.21.2=compileClasspath,debeziumConnectors,runtimeClasspath
com.fasterxml.jackson.core:jackson-databind:2.21.2=compileClasspath,debeziumConnectors,runtimeClasspath
com.fasterxml.jackson.datatype:jackson-datatype-jdk8:2.21.2=compileClasspath,debeziumConnectors
com.fasterxml.jackson.datatype:jackson-datatype-jsr310:2.21.2=compileClasspath,debeziumConnectors,runtimeClasspath
com.fasterxml.jackson.jakarta.rs:jackson-jakarta-rs-base:2.21.2=debeziumConnectors
com.fasterxml.jackson.jakarta.rs:jackson-jakarta-rs-json-provider:2.21.2=debeziumConnectors
com.fasterxml.jackson.module:jackson-module-blackbird:2.21.2=compileClasspath,debeziumConnectors
com.fasterxml.jackson.module:jackson-module-jakarta-xmlbind-annotations:2.21.2=debeziumConnectors
com.fasterxml.jackson:jackson-bom:2.21.2=compileClasspath,debeziumConnectors,runtimeClasspath
com.github.luben:zstd-jni:1.5.0-2=compileClasspath
com.github.luben:zstd-jni:1.5.6-10=debeziumConnectors,runtimeClasspath
com.google.android:annotations:4.1.1.4=debeziumConnectors,runtimeClasspath
com.google.api.grpc:proto-google-common-protos:2.17.0=compileClasspath,debeziumConnectors,runtimeClasspath
com.google.auth:google-auth-library-credentials:1.4.0=compileClasspath,runtimeClasspath
com.google.code.findbugs:jsr305:3.0.2=compileClasspath,debeziumConnectors,runtimeClasspath
com.google.code.gson:gson:2.10.1=debeziumConnectors,runtimeClasspath
com.google.errorprone:error_prone_annotations:2.18.0=compileClasspath
com.google.errorprone:error_prone_annotations:2.28.0=debeziumConnectors,runtimeClasspath
com.google.guava:failureaccess:1.0.2=compileClasspath,debeziumConnectors,runtimeClasspath
com.google.guava:guava:33.3.1-jre=compileClasspath,debeziumConnectors,runtimeClasspath
com.google.guava:listenablefuture:9999.0-empty-to-avoid-conflict-with-guava=compileClasspath,debeziumConnectors,runtimeClasspath
com.google.j2objc:j2objc-annotations:3.0.0=debeziumConnectors,runtimeClasspath
com.google.protobuf:protobuf-java:3.25.5=compileClasspath,debeziumConnectors,runtimeClasspath
com.mysql:mysql-connector-j:9.1.0=compileClasspath,debeziumConnectors
com.sun.activation:jakarta.activation:2.0.1=debeziumConnectors
io.debezium:debezium-api:3.7.0.Final=compileClasspath,debeziumConnectors,runtimeClasspath
io.debezium:debezium-config:3.7.0.Final=compileClasspath,debeziumConnectors,runtimeClasspath
io.debezium:debezium-connect-plugins:3.7.0.Final=compileClasspath,debeziumConnectors
io.debezium:debezium-connector-binlog:3.7.0.Final=compileClasspath,debeziumConnectors
io.debezium:debezium-connector-common:3.7.0.Final=compileClasspath,debeziumConnectors,runtimeClasspath
io.debezium:debezium-connector-mysql:3.7.0.Final=compileClasspath,debeziumConnectors
io.debezium:debezium-connector-vitess:3.7.0.Final=compileClasspath,debeziumConnectors
io.debezium:debezium-core:3.7.0.Final=compileClasspath,runtimeClasspath
io.debezium:debezium-ddl-parser:3.7.0.Final=compileClasspath,debeziumConnectors
io.debezium:debezium-kafka-adapters:3.7.0.Final=compileClasspath,debeziumConnectors
io.debezium:debezium-openlineage-api:3.7.0.Final=compileClasspath,debeziumConnectors,runtimeClasspath
io.debezium:debezium-storage-api:3.7.0.Final=compileClasspath,debeziumConnectors
io.debezium:debezium-storage-file:3.7.0.Final=compileClasspath,debeziumConnectors
io.debezium:debezium-storage-kafka:3.7.0.Final=compileClasspath,debeziumConnectors
io.debezium:debezium-util:3.7.0.Final=compileClasspath,debeziumConnectors,runtimeClasspath
io.debezium:mysql-binlog-connector-java:0.41.5=compileClasspath,debeziumConnectors
io.github.classgraph:classgraph:4.8.179=debeziumConnectors
io.grpc:grpc-api:1.56.1=compileClasspath,debeziumConnectors,runtimeClasspath
io.grpc:grpc-auth:1.56.1=compileClasspath,runtimeClasspath
io.grpc:grpc-context:1.56.1=compileClasspath,debeziumConnectors,runtimeClasspath
io.grpc:grpc-core:1.56.1=compileClasspath,debeziumConnectors,runtimeClasspath
io.grpc:grpc-netty-shaded:1.56.1=compileClasspath,debeziumConnectors,runtimeClasspath
io.grpc:grpc-netty:1.56.1=compileClasspath,runtimeClasspath
io.grpc:grpc-protobuf-lite:1.56.1=compileClasspath,debeziumConnectors,runtimeClasspath
io.grpc:grpc-protobuf:1.56.1=compileClasspath,debeziumConnectors,runtimeClasspath
io.grpc:grpc-stub:1.56.1=compileClasspath,debeziumConnectors,runtimeClasspath
io.netty:netty-buffer:4.1.87.Final=compileClasspath,debeziumConnectors,runtimeClasspath
io.netty:netty-codec-http2:4.1.87.Final=compileClasspath,runtimeClasspath
io.netty:netty-codec-http:4.1.87.Final=compileClasspath,runtimeClasspath
io.netty:netty-codec-socks:4.1.87.Final=runtimeClasspath
io.netty:netty-codec:4.1.87.Final=compileClasspath,debeziumConnectors,runtimeClasspath
io.netty:netty-common:4.1.87.Final=compileClasspath,debeziumConnectors,runtimeClasspath
io.netty:netty-handler-proxy:4.1.87.Final=runtimeClasspath
io.netty:netty-handler:4.1.87.Final=compileClasspath,debeziumConnectors,runtimeClasspath
io.netty:netty-resolver:4.1.87.Final=compileClasspath,debeziumConnectors,runtimeClasspath
io.netty:netty-tcnative-boringssl-static:2.0.61.Final=compileClasspath,debeziumConnectors,runtimeClasspath
io.netty:netty-tcnative-classes:2.0.61.Final=compileClasspath,debeziumConnectors,runtimeClasspath
io.netty:netty-transport-native-unix-common:4.1.87.Final=compileClasspath,debeziumConnectors,runtimeClasspath
io.netty:netty-transport:4.1.87.Final=compileClasspath,debeziumConnectors,runtimeClasspath
io.perfmark:perfmark-api:0.26.0=debeziumConnectors,runtimeClasspath
io.swagger.core.v3:swagger-annotations:2.2.39=debeziumConnectors
io.vitess:vitess-client:23.0.0-rc1=compileClasspath,debeziumConnectors,runtimeClasspath
io.vitess:vitess-grpc-client:23.0.0-rc1=compileClasspath,debeziumConnectors,runtimeClasspath
jakarta.activation:jakarta.activation-api:2.1.0=debeziumConnectors
jakarta.annotation:jakarta.annotation-api:2.1.1=debeziumConnectors
jakarta.inject:jakarta.inject-api:2.0.1=debeziumConnectors
jakarta.servlet:jakarta.servlet-api:6.0.0=debeziumConnectors
jakarta.validation:jakarta.validation-api:3.0.2=debeziumConnectors
jakarta.ws.rs:jakarta.ws.rs-api:3.1.0=debeziumConnectors,runtimeClasspath
jakarta.xml.bind:jakarta.xml.bind-api:3.0.1=debeziumConnectors
javax.activation:activation:1.1.1=debeziumConnectors
javax.activation:javax.activation-api:1.2.0=debeziumConnectors
javax.annotation:javax.annotation-api:1.3.2=compileClasspath,debeziumConnectors,runtimeClasspath
javax.xml.bind:jaxb-api:2.3.1=debeziumConnectors
joda-time:joda-time:2.13.0=compileClasspath,debeziumConnectors,runtimeClasspath
org.antlr:antlr4-runtime:4.10.1=compileClasspath,debeziumConnectors
org.apache.commons:commons-collections4:4.2=compileClasspath,debeziumConnectors,runtimeClasspath
org.apache.kafka:connect-api:4.3.1=compileClasspath,debeziumConnectors,runtimeClasspath
org.apache.kafka:connect-json:4.3.1=compileClasspath,debeziumConnectors
org.apache.kafka:connect-runtime:4.3.1=compileClasspath,debeziumConnectors
org.apache.kafka:connect-transforms:4.3.1=compileClasspath,debeziumConnectors
org.apache.kafka:kafka-clients:4.3.1=compileClasspath,debeziumConnectors,runtimeClasspath
org.apache.maven:maven-artifact:3.9.15=debeziumConnectors
org.apiguardian:apiguardian-api:1.1.2=compileClasspath
org.bitbucket.b_c:jose4j:0.9.6=debeziumConnectors
org.checkerframework:checker-qual:3.43.0=compileClasspath,debeziumConnectors,runtimeClasspath
org.codehaus.mojo:animal-sniffer-annotations:1.23=debeziumConnectors,runtimeClasspath
org.codehaus.plexus:plexus-utils:3.6.1=debeziumConnectors
org.eclipse.jetty.ee10:jetty-ee10-servlet:12.0.34=debeziumConnectors
org.eclipse.jetty.ee10:jetty-ee10-servlets:12.0.34=debeziumConnectors
org.eclipse.jetty:jetty-alpn-client:12.0.34=debeziumConnectors
org.eclipse.jetty:jetty-client:12.0.34=debeziumConnectors
org.eclipse.jetty:jetty-http:12.0.34=debeziumConnectors
org.eclipse.jetty:jetty-io:12.0.34=debeziumConnectors
org.eclipse.jetty:jetty-security:12.0.34=debeziumConnectors
org.eclipse.jetty:jetty-server:12.0.34=debeziumConnectors
org.eclipse.jetty:jetty-session:12.0.34=debeziumConnectors
org.eclipse.jetty:jetty-util:12.0.34=debeziumConnectors
org.glassfish.hk2.external:aopalliance-repackaged:3.0.6=debeziumConnectors
org.glassfish.hk2:hk2-api:3.0.6=debeziumConnectors
org.glassfish.hk2:hk2-locator:3.0.6=debeziumConnectors
org.glassfish.hk2:hk2-utils:3.0.6=debeziumConnectors
org.glassfish.hk2:osgi-resource-locator:1.0.3=debeziumConnectors
org.glassfish.jersey.containers:jersey-container-servlet-core:3.1.10=debeziumConnectors
org.glassfish.jersey.containers:jersey-container-servlet:3.1.10=debeziumConnectors
org.glassfish.jersey.core:jersey-client:3.1.10=debeziumConnectors
org.glassfish.jersey.core:jersey-common:3.1.10=debeziumConnectors
org.glassfish.jersey.core:jersey-server:3.1.10=debeziumConnectors
org.glassfish.jersey.inject:jersey-hk2:3.1.10=debeziumConnectors
org.javassist:javassist:3.30.2-GA=debeziumConnectors
org.jetbrains.kotlin:kotlin-stdlib:2.2.21=compileClasspath,runtimeClasspath
org.jetbrains.kotlinx:atomicfu-jvm:0.29.0=compileClasspath,runtimeClasspath
org.jetbrains.kotlinx:kotlinx-coroutines-bom:1.10.2=compileClasspath,runtimeClasspath
org.jetbrains.kotlinx:kotlinx-coroutines-core-jvm:1.10.2=compileClasspath,runtimeClasspath
org.jetbrains.kotlinx:kotlinx-coroutines-core:1.10.2=compileClasspath,runtimeClasspath
org.jetbrains.kotlinx:kotlinx-coroutines-jdk8:1.10.2=compileClasspath,runtimeClasspath
org.jetbrains.kotlinx:kotlinx-datetime-jvm:0.7.1=compileClasspath,runtimeClasspath
org.jetbrains.kotlinx:kotlinx-datetime:0.7.1=compileClasspath,runtimeClasspath
org.jetbrains.kotlinx:kotlinx-io-bytestring-jvm:0.8.0=compileClasspath,runtimeClasspath
org.jetbrains.kotlinx:kotlinx-io-bytestring:0.8.0=compileClasspath,runtimeClasspath
org.jetbrains.kotlinx:kotlinx-io-core-jvm:0.8.0=compileClasspath,runtimeClasspath
org.jetbrains.kotlinx:kotlinx-io-core:0.8.0=compileClasspath,runtimeClasspath
org.jetbrains:annotations:23.0.0=compileClasspath,runtimeClasspath
org.jspecify:jspecify:1.0.0=compileClasspath
org.junit.jupiter:junit-jupiter-api:6.0.3=compileClasspath,debeziumConnectors
org.junit.jupiter:junit-jupiter-engine:6.0.3=debeziumConnectors
org.junit.jupiter:junit-jupiter-params:6.0.3=compileClasspath,debeziumConnectors
org.junit.jupiter:junit-jupiter:6.0.3=compileClasspath,debeziumConnectors
org.junit.platform:junit-platform-commons:6.0.3=compileClasspath,debeziumConnectors
org.junit.platform:junit-platform-engine:6.0.3=compileClasspath,debeziumConnectors
org.junit.platform:junit-platform-launcher:6.0.3=compileClasspath,debeziumConnectors
org.junit:junit-bom:6.0.3=compileClasspath,debeziumConnectors
org.opentest4j:opentest4j:1.3.0=compileClasspath,debeziumConnectors
org.slf4j:slf4j-api:1.7.36=compileClasspath,debeziumConnectors,runtimeClasspath
org.xerial.snappy:snappy-java:1.1.10.7=debeziumConnectors,runtimeClasspath
empty=planetscaleAdapter
